
Microsoft Visual Studio Solution File, Format Version 12.00
# Visual Studio Version 17
VisualStudioVersion = 17.4.33213.308
MinimumVisualStudioVersion = 10.0.40219.1
Project("{FAE04EC0-301F-11D3-BF4B-00C04F79EFBC}") = "Slagalica Moj Broj", "Slagalica Moj Broj\Slagalica Moj Broj.csproj", "{87275B8A-8BCB-46E2-8B89-8CED66446123}"
EndProject
Global
	GlobalSection(SolutionConfigurationPlatforms) = preSolution
		Debug|Any CPU = Debug|Any CPU
		Release|Any CPU = Release|Any CPU
	EndGlobalSection
	GlobalSection(ProjectConfigurationPlatforms) = postSolution
		{87275B8A-8BCB-46E2-8B89-8CED66446123}.Debug|Any CPU.ActiveCfg = Debug|Any CPU
		{87275B8A-8BCB-46E2-8B89-8CED66446123}.Debug|Any CPU.Build.0 = Debug|Any CPU
		{87275B8A-8BCB-46E2-8B89-8CED66446123}.Release|Any CPU.ActiveCfg = Release|Any CPU
		{87275B8A-8BCB-46E2-8B89-8CED66446123}.Release|Any CPU.Build.0 = Release|Any CPU
	EndGlobalSection
	GlobalSection(SolutionProperties) = preSolution
		HideSolutionNode = FALSE
	EndGlobalSection
	GlobalSection(ExtensibilityGlobals) = postSolution
		SolutionGuid = {943152B9-97D5-4D0E-AE50-9975477CAF2D}
	EndGlobalSection
EndGlobal
